
Microsoft Visual Studio Solution File, Format Version 12.00
# Visual Studio 14
VisualStudioVersion = 14.0.24720.0
MinimumVisualStudioVersion = 10.0.40219.1
Project("{FAE04EC0-301F-11D3-BF4B-00C04F79EFBC}") = "Movie10", "Movie10\Movie10.csproj", "{D664B8DD-28DB-46EC-AA40-72E86D0A3437}"
EndProject
Global
	GlobalSection(SolutionConfigurationPlatforms) = preSolution
		Debug|ARM = Debug|ARM
		Debug|x64 = Debug|x64
		Debug|x86 = Debug|x86
		Release|ARM = Release|ARM
		Release|x64 = Release|x64
		Release|x86 = Release|x86
	EndGlobalSection
	GlobalSection(ProjectConfigurationPlatforms) = postSolution
		{D664B8DD-28DB-46EC-AA40-72E86D0A3437}.Debug|ARM.ActiveCfg = Debug|ARM
		{D664B8DD-28DB-46EC-AA40-72E86D0A3437}.Debug|ARM.Build.0 = Debug|ARM
		{D664B8DD-28DB-46EC-AA40-72E86D0A3437}.Debug|ARM.Deploy.0 = Debug|ARM
		{D664B8DD-28DB-46EC-AA40-72E86D0A3437}.Debug|x64.ActiveCfg = Debug|x64
		{D664B8DD-28DB-46EC-AA40-72E86D0A3437}.Debug|x64.Build.0 = Debug|x64
		{D664B8DD-28DB-46EC-AA40-72E86D0A3437}.Debug|x64.Deploy.0 = Debug|x64
		{D664B8DD-28DB-46EC-AA40-72E86D0A3437}.Debug|x86.ActiveCfg = Debug|x86
		{D664B8DD-28DB-46EC-AA40-72E86D0A3437}.Debug|x86.Build.0 = Debug|x86
		{D664B8DD-28DB-46EC-AA40-72E86D0A3437}.Debug|x86.Deploy.0 = Debug|x86
		{D664B8DD-28DB-46EC-AA40-72E86D0A3437}.Release|ARM.ActiveCfg = Release|ARM
		{D664B8DD-28DB-46EC-AA40-72E86D0A3437}.Release|ARM.Build.0 = Release|ARM
		{D664B8DD-28DB-46EC-AA40-72E86D0A3437}.Release|ARM.Deploy.0 = Release|ARM
		{D664B8DD-28DB-46EC-AA40-72E86D0A3437}.Release|x64.ActiveCfg = Release|x64
		{D664B8DD-28DB-46EC-AA40-72E86D0A3437}.Release|x64.Build.0 = Release|x64
		{D664B8DD-28DB-46EC-AA40-72E86D0A3437}.Release|x64.Deploy.0 = Release|x64
		{D664B8DD-28DB-46EC-AA40-72E86D0A3437}.Release|x86.ActiveCfg = Release|x86
		{D664B8DD-28DB-46EC-AA40-72E86D0A3437}.Release|x86.Build.0 = Release|x86
		{D664B8DD-28DB-46EC-AA40-72E86D0A3437}.Release|x86.Deploy.0 = Release|x86
	EndGlobalSection
	GlobalSection(SolutionProperties) = preSolution
		HideSolutionNode = FALSE
	EndGlobalSection
	GlobalSection(TeamFoundationVersionControl) = preSolution
		SccNumberOfProjects = 1
		SccEnterpriseProvider = {4CA58AB2-18FA-4F8D-95D4-32DDF27D184C}
		SccTeamFoundationServer = https://vlteam.visualstudio.com/defaultcollection
		SccProjectUniqueName0 = Movie10\\Movie10.csproj
		SccProjectName0 = $/GetDataPhim/Movie10/Movie10
		SccAuxPath0 = https://vlteam.visualstudio.com/defaultcollection
		SccLocalPath0 = Movie10
		SccProvider0 = {4CA58AB2-18FA-4F8D-95D4-32DDF27D184C}
	EndGlobalSection
EndGlobal
